{
  "lockfileVersion": 2,
  "configVersion": 1,
  "workspaces": {
    "": {
      "name": "marrowfall-pipeline",
      "dependencies": {
        "gltf-validator": "2.0.0-dev.3.10",
      },
      "devDependencies": {
        "prettier": "3.9.6",
      },
    },
  },
  "packages": {
    "gltf-validator": ["gltf-validator@2.0.0-dev.3.10", "", {}, "sha512-odJ4k0tRkGXiDGn78yDBg+fBbAIvBnXxh3RwAta0emSxGtyagFE8B4xELB1oYe3S5RD8Ci3uZAsZaascH2LAEQ=="],

    "prettier": ["prettier@3.9.6", "", { "bin": { "prettier": "bin/prettier.cjs" } }, "sha512-OpN0zzVdiaiAhxpuuj5efpIS4sY9j7bY6uR5mnj5yPzGkdkjNKSJeUThPb60Jw29QuAZgA4o+/iB49kFiaBX6g=="],
  }
}
