LibraryLock(
    fetched: {
        "idle": Fetched(
            source: Meshy(
                action_id: 251,
            ),
            from: "art/animations/sources/idle.glb",
            download: "f3004e435072e790",
            glb: "0a435b5eba8bc045",
            fingerprint: "7d9490cd4b47663b",
            verdict: Some(Verdict(
                report: "retarget.idle.1",
                worst: info,
                rules: [
                    "clip.floor_snap",
                    "clip.foot_contact.penetration",
                    "clip.foot_contact.plants",
                    "clip.foot_contact.skate",
                    "clip.fps_grid",
                    "clip.fps_grid.range",
                    "clip.interpolation",
                    "clip.loop",
                    "clip.object_transform",
                    "clip.posture",
                    "clip.reference_pose_key",
                    "clip.stride",
                    "clip.stride_ratio",
                    "clip.swing",
                    "clip.twist",
                ],
            )),
        ),
        "run": Fetched(
            source: Meshy(
                action_id: 15,
            ),
            from: "art/animations/sources/run.glb",
            download: "ace135619874d59f",
            glb: "20de2896dc072cbd",
            fingerprint: "7d9490cd4b47663b",
            verdict: Some(Verdict(
                report: "retarget.run.1",
                worst: info,
                rules: [
                    "clip.floor_snap",
                    "clip.foot_contact.penetration",
                    "clip.foot_contact.plants",
                    "clip.foot_contact.skate",
                    "clip.fps_grid",
                    "clip.fps_grid.range",
                    "clip.interpolation",
                    "clip.loop",
                    "clip.object_transform",
                    "clip.posture",
                    "clip.reference_pose_key",
                    "clip.stride",
                    "clip.stride_ratio",
                    "clip.swing",
                    "clip.twist",
                ],
            )),
        ),
        "strafe_left": Fetched(
            source: Mixamo(
                product_id: "c9c97b90-b96c-11e4-a802-0aaa78deedf9",
            ),
            from: "art/staging/downloads/strafe_left.fbx",
            download: "d70839a2bc97a55d",
            glb: "230059c60937e463",
            fingerprint: "7d9490cd4b47663b",
            verdict: Some(Verdict(
                report: "retarget.strafe_left.1",
                worst: info,
                rules: [
                    "clip.floor_snap",
                    "clip.foot_contact.penetration",
                    "clip.foot_contact.plants",
                    "clip.foot_contact.skate",
                    "clip.fps_grid",
                    "clip.fps_grid.range",
                    "clip.interpolation",
                    "clip.loop",
                    "clip.object_transform",
                    "clip.posture",
                    "clip.reference_pose_key",
                    "clip.stride",
                    "clip.stride_ratio",
                    "clip.swing",
                    "clip.twist",
                ],
            )),
        ),
        "strafe_right": Fetched(
            source: Mixamo(
                product_id: "c9c96f9e-b96c-11e4-a802-0aaa78deedf9",
            ),
            from: "art/staging/downloads/strafe_right.fbx",
            download: "c4d1a9392c240db1",
            glb: "85ed7d0d0cfde7b1",
            fingerprint: "7d9490cd4b47663b",
            verdict: Some(Verdict(
                report: "retarget.strafe_right.1",
                worst: info,
                rules: [
                    "clip.floor_snap",
                    "clip.foot_contact.penetration",
                    "clip.foot_contact.plants",
                    "clip.foot_contact.skate",
                    "clip.fps_grid",
                    "clip.fps_grid.range",
                    "clip.interpolation",
                    "clip.loop",
                    "clip.object_transform",
                    "clip.posture",
                    "clip.reference_pose_key",
                    "clip.stride",
                    "clip.stride_ratio",
                    "clip.swing",
                    "clip.twist",
                ],
            )),
        ),
        "walk_back": Fetched(
            source: Mixamo(
                product_id: "c9ccc468-b96c-11e4-a802-0aaa78deedf9",
            ),
            from: "art/staging/downloads/walk_back.fbx",
            download: "9828c42e7bad6949",
            glb: "db13d526bc532ace",
            fingerprint: "7d9490cd4b47663b",
            verdict: Some(Verdict(
                report: "retarget.walk_back.1",
                worst: info,
                rules: [
                    "clip.floor_snap",
                    "clip.foot_contact.penetration",
                    "clip.foot_contact.plants",
                    "clip.foot_contact.skate",
                    "clip.fps_grid",
                    "clip.fps_grid.range",
                    "clip.interpolation",
                    "clip.loop",
                    "clip.object_transform",
                    "clip.posture",
                    "clip.reference_pose_key",
                    "clip.stride",
                    "clip.stride_ratio",
                    "clip.swing",
                    "clip.twist",
                ],
            )),
        ),
    },
)
