Lock(
    stages: {
        Concept: StageRecord(
            fingerprint: "57766a7c49b5516c",
            note: Some("4 views, 1 newly generated"),
        ),
        Model: StageRecord(
            fingerprint: "fbc2eea9ef8e7282",
            tasks: [
                Model(
                    id: "01a07813-b9d4-773b-b87f-c786eabfc4be",
                ),
            ],
            credits: Some(30),
            note: Some("bare mesh at art/staging/survivor/bare.glb"),
        ),
        Rig: StageRecord(
            fingerprint: "cb7be921c4118de9",
            tasks: [
                Rig(
                    id: "01a07828-8f5a-73cc-9b75-e473bbfe0e10",
                    height_meters: 1.7,
                ),
            ],
        ),
        Download: StageRecord(
            fingerprint: "801e0137d3e4ceae",
            note: Some("1 GLB(s)"),
        ),
        Bake: StageRecord(
            fingerprint: "7d8402d01c54d7dc",
            note: Some("1472 frames"),
        ),
        Pack: StageRecord(
            fingerprint: "0d6575cd28261bc3",
            note: Some("5 atlases → project/assets/characters/survivor/character.ron"),
        ),
    },
)
